
Microsoft Visual Studio Solution File, Format Version 12.00
# Visual Studio Version 16
VisualStudioVersion = 16.0.30225.117
MinimumVisualStudioVersion = 10.0.40219.1
Project("{FAE04EC0-301F-11D3-BF4B-00C04F79EFBC}") = "LG360VRActivator", "LG360VRActivator.csproj", "{E5A785B1-3EE5-4553-80DF-1BD7C8AAB57E}"
EndProject
Project("{2150E333-8FDC-42A3-9474-1A3956D46DE8}") = "LGVR4VLC", "LGVR4VLC", "{35DCDAEC-5797-4BAA-A1CC-1307B6F3E3EC}"
	ProjectSection(SolutionItems) = preProject
		LGVR4VLC\LGVR4VLC.hlsl = LGVR4VLC\LGVR4VLC.hlsl
		LGVR4VLC\Readme.md = LGVR4VLC\Readme.md
	EndProjectSection
EndProject
Project("{2150E333-8FDC-42A3-9474-1A3956D46DE8}") = "Solution Items", "Solution Items", "{F003D672-463C-4CB5-A6F2-136B6CC41F91}"
	ProjectSection(SolutionItems) = preProject
		Readme.md = Readme.md
	EndProjectSection
EndProject
Global
	GlobalSection(SolutionConfigurationPlatforms) = preSolution
		Debug|Any CPU = Debug|Any CPU
		Release|Any CPU = Release|Any CPU
	EndGlobalSection
	GlobalSection(ProjectConfigurationPlatforms) = postSolution
		{E5A785B1-3EE5-4553-80DF-1BD7C8AAB57E}.Debug|Any CPU.ActiveCfg = Debug|Any CPU
		{E5A785B1-3EE5-4553-80DF-1BD7C8AAB57E}.Debug|Any CPU.Build.0 = Debug|Any CPU
		{E5A785B1-3EE5-4553-80DF-1BD7C8AAB57E}.Release|Any CPU.ActiveCfg = Release|Any CPU
		{E5A785B1-3EE5-4553-80DF-1BD7C8AAB57E}.Release|Any CPU.Build.0 = Release|Any CPU
	EndGlobalSection
	GlobalSection(SolutionProperties) = preSolution
		HideSolutionNode = FALSE
	EndGlobalSection
	GlobalSection(ExtensibilityGlobals) = postSolution
		SolutionGuid = {32159A51-1D16-4FFB-A294-3CDF7C110193}
	EndGlobalSection
EndGlobal
